
Microsoft Visual Studio Solution File, Format Version 12.00
# Visual Studio Version 16
VisualStudioVersion = 16.0.29009.5
MinimumVisualStudioVersion = 10.0.40219.1
Project("{FAE04EC0-301F-11D3-BF4B-00C04F79EFBC}") = "CodeStandart", "CodeStandart\CodeStandart\CodeStandart.csproj", "{29E47973-E989-4060-BF1D-CDABA58E6767}"
EndProject
Project("{FAE04EC0-301F-11D3-BF4B-00C04F79EFBC}") = "CodeStandart.Vsix", "CodeStandart\CodeStandart.Vsix\CodeStandart.Vsix.csproj", "{6A85BA68-A43B-4900-A5A6-92DE2428A59A}"
EndProject
Global
	GlobalSection(SolutionConfigurationPlatforms) = preSolution
		Debug|Any CPU = Debug|Any CPU
		Release|Any CPU = Release|Any CPU
	EndGlobalSection
	GlobalSection(ProjectConfigurationPlatforms) = postSolution
		{29E47973-E989-4060-BF1D-CDABA58E6767}.Debug|Any CPU.ActiveCfg = Debug|Any CPU
		{29E47973-E989-4060-BF1D-CDABA58E6767}.Debug|Any CPU.Build.0 = Debug|Any CPU
		{29E47973-E989-4060-BF1D-CDABA58E6767}.Release|Any CPU.ActiveCfg = Release|Any CPU
		{29E47973-E989-4060-BF1D-CDABA58E6767}.Release|Any CPU.Build.0 = Release|Any CPU
		{6A85BA68-A43B-4900-A5A6-92DE2428A59A}.Debug|Any CPU.ActiveCfg = Debug|Any CPU
		{6A85BA68-A43B-4900-A5A6-92DE2428A59A}.Debug|Any CPU.Build.0 = Debug|Any CPU
		{6A85BA68-A43B-4900-A5A6-92DE2428A59A}.Release|Any CPU.ActiveCfg = Release|Any CPU
		{6A85BA68-A43B-4900-A5A6-92DE2428A59A}.Release|Any CPU.Build.0 = Release|Any CPU
	EndGlobalSection
	GlobalSection(SolutionProperties) = preSolution
		HideSolutionNode = FALSE
	EndGlobalSection
	GlobalSection(ExtensibilityGlobals) = postSolution
		SolutionGuid = {72E8440E-882C-4C1F-9344-882C2B102F38}
	EndGlobalSection
EndGlobal
